// !$*UTF8*$!
{
	archiveVersion = 1;
	classes = {
	};
	objectVersion = 48;
	objects = {

/* Begin PBXBuildFile section */
		C79363671FA36FC500AB21DE /* pool.h in Headers */ = {isa = PBXBuildFile; fileRef = C79363401FA36FC000AB21DE /* pool.h */; };
		C79363681FA36FC500AB21DE /* color.cpp in Sources */ = {isa = PBXBuildFile; fileRef = C79363411FA36FC000AB21DE /* color.cpp */; };
		C79363691FA36FC500AB21DE /* random.cpp in Sources */ = {isa = PBXBuildFile; fileRef = C79363421FA36FC000AB21DE /* random.cpp */; };
		C793636A1FA36FC500AB21DE /* signal.h in Headers */ = {isa = PBXBuildFile; fileRef = C79363431FA36FC000AB21DE /* signal.h */; };
		C793636B1FA36FC500AB21DE /* timer.h in Headers */ = {isa = PBXBuildFile; fileRef = C79363441FA36FC000AB21DE /* timer.h */; };
		C793636C1FA36FC500AB21DE /* logger.cpp in Sources */ = {isa = PBXBuildFile; fileRef = C79363451FA36FC000AB21DE /* logger.cpp */; };
		C793636D1FA36FC500AB21DE /* network.h in Headers */ = {isa = PBXBuildFile; fileRef = C79363461FA36FC000AB21DE /* network.h */; };
		C793636E1FA36FC500AB21DE /* socket.cpp in Sources */ = {isa = PBXBuildFile; fileRef = C79363471FA36FC000AB21DE /* socket.cpp */; };
		C793636F1FA36FC500AB21DE /* string.cpp in Sources */ = {isa = PBXBuildFile; fileRef = C79363481FA36FC100AB21DE /* string.cpp */; };
		C79363701FA36FC500AB21DE /* color.h in Headers */ = {isa = PBXBuildFile; fileRef = C79363491FA36FC100AB21DE /* color.h */; };
		C79363711FA36FC500AB21DE /* table.h in Headers */ = {isa = PBXBuildFile; fileRef = C793634A1FA36FC100AB21DE /* table.h */; };
		C79363721FA36FC500AB21DE /* network.cpp in Sources */ = {isa = PBXBuildFile; fileRef = C793634B1FA36FC100AB21DE /* network.cpp */; };
		C79363731FA36FC500AB21DE /* file.cpp in Sources */ = {isa = PBXBuildFile; fileRef = C793634C1FA36FC100AB21DE /* file.cpp */; };
		C79363741FA36FC500AB21DE /* math.cpp in Sources */ = {isa = PBXBuildFile; fileRef = C793634D1FA36FC100AB21DE /* math.cpp */; };
		C79363751FA36FC500AB21DE /* access.h in Headers */ = {isa = PBXBuildFile; fileRef = C793634E1FA36FC100AB21DE /* access.h */; };
		C79363761FA36FC500AB21DE /* memory.h in Headers */ = {isa = PBXBuildFile; fileRef = C793634F1FA36FC100AB21DE /* memory.h */; };
		C79363771FA36FC500AB21DE /* logger.h in Headers */ = {isa = PBXBuildFile; fileRef = C79363501FA36FC100AB21DE /* logger.h */; };
		C79363781FA36FC500AB21DE /* stream.h in Headers */ = {isa = PBXBuildFile; fileRef = C79363511FA36FC100AB21DE /* stream.h */; };
		C79363791FA36FC500AB21DE /* string.h in Headers */ = {isa = PBXBuildFile; fileRef = C79363521FA36FC100AB21DE /* string.h */; };
		C793637A1FA36FC500AB21DE /* time.cpp in Sources */ = {isa = PBXBuildFile; fileRef = C79363531FA36FC200AB21DE /* time.cpp */; };
		C793637B1FA36FC500AB21DE /* archaism.h in Headers */ = {isa = PBXBuildFile; fileRef = C79363541FA36FC200AB21DE /* archaism.h */; };
		C793637C1FA36FC500AB21DE /* dataset.h in Headers */ = {isa = PBXBuildFile; fileRef = C79363551FA36FC200AB21DE /* dataset.h */; };
		C793637D1FA36FC500AB21DE /* dll.h in Headers */ = {isa = PBXBuildFile; fileRef = C79363561FA36FC200AB21DE /* dll.h */; };
		C793637E1FA36FC500AB21DE /* header.h in Headers */ = {isa = PBXBuildFile; fileRef = C79363571FA36FC200AB21DE /* header.h */; };
		C793637F1FA36FC500AB21DE /* random.h in Headers */ = {isa = PBXBuildFile; fileRef = C79363581FA36FC200AB21DE /* random.h */; };
		C79363801FA36FC500AB21DE /* memory.cpp in Sources */ = {isa = PBXBuildFile; fileRef = C79363591FA36FC200AB21DE /* memory.cpp */; };
		C79363811FA36FC500AB21DE /* pixels.h in Headers */ = {isa = PBXBuildFile; fileRef = C793635A1FA36FC300AB21DE /* pixels.h */; };
		C79363821FA36FC500AB21DE /* dataset.cpp in Sources */ = {isa = PBXBuildFile; fileRef = C793635B1FA36FC300AB21DE /* dataset.cpp */; };
		C79363831FA36FC500AB21DE /* stream.cpp in Sources */ = {isa = PBXBuildFile; fileRef = C793635C1FA36FC300AB21DE /* stream.cpp */; };
		C79363841FA36FC500AB21DE /* time.h in Headers */ = {isa = PBXBuildFile; fileRef = C793635D1FA36FC300AB21DE /* time.h */; };
		C79363851FA36FC500AB21DE /* dll.cpp in Sources */ = {isa = PBXBuildFile; fileRef = C793635E1FA36FC300AB21DE /* dll.cpp */; };
		C79363861FA36FC500AB21DE /* pixels.cpp in Sources */ = {isa = PBXBuildFile; fileRef = C793635F1FA36FC400AB21DE /* pixels.cpp */; };
		C79363871FA36FC500AB21DE /* args.h in Headers */ = {isa = PBXBuildFile; fileRef = C79363601FA36FC400AB21DE /* args.h */; };
		C79363881FA36FC500AB21DE /* args.cpp in Sources */ = {isa = PBXBuildFile; fileRef = C79363611FA36FC400AB21DE /* args.cpp */; };
		C79363891FA36FC500AB21DE /* ascil.h in Headers */ = {isa = PBXBuildFile; fileRef = C79363621FA36FC400AB21DE /* ascil.h */; };
		C793638A1FA36FC500AB21DE /* file.h in Headers */ = {isa = PBXBuildFile; fileRef = C79363631FA36FC400AB21DE /* file.h */; };
		C793638B1FA36FC500AB21DE /* timer.cpp in Sources */ = {isa = PBXBuildFile; fileRef = C79363641FA36FC500AB21DE /* timer.cpp */; };
		C793638C1FA36FC500AB21DE /* socket.h in Headers */ = {isa = PBXBuildFile; fileRef = C79363651FA36FC500AB21DE /* socket.h */; };
		C793638D1FA36FC500AB21DE /* math.h in Headers */ = {isa = PBXBuildFile; fileRef = C79363661FA36FC500AB21DE /* math.h */; };
/* End PBXBuildFile section */

/* Begin PBXFileReference section */
		C79363311FA36E5200AB21DE /* liblibarchaism.a */ = {isa = PBXFileReference; explicitFileType = archive.ar; includeInIndex = 0; path = liblibarchaism.a; sourceTree = BUILT_PRODUCTS_DIR; };
		C79363401FA36FC000AB21DE /* pool.h */ = {isa = PBXFileReference; fileEncoding = 4; lastKnownFileType = sourcecode.c.h; name = pool.h; path = ../../src/pool.h; sourceTree = "<group>"; };
		C79363411FA36FC000AB21DE /* color.cpp */ = {isa = PBXFileReference; fileEncoding = 4; lastKnownFileType = sourcecode.cpp.cpp; name = color.cpp; path = ../../src/color.cpp; sourceTree = "<group>"; };
		C79363421FA36FC000AB21DE /* random.cpp */ = {isa = PBXFileReference; fileEncoding = 4; lastKnownFileType = sourcecode.cpp.cpp; name = random.cpp; path = ../../src/random.cpp; sourceTree = "<group>"; };
		C79363431FA36FC000AB21DE /* signal.h */ = {isa = PBXFileReference; fileEncoding = 4; lastKnownFileType = sourcecode.c.h; name = signal.h; path = ../../src/signal.h; sourceTree = "<group>"; };
		C79363441FA36FC000AB21DE /* timer.h */ = {isa = PBXFileReference; fileEncoding = 4; lastKnownFileType = sourcecode.c.h; name = timer.h; path = ../../src/timer.h; sourceTree = "<group>"; };
		C79363451FA36FC000AB21DE /* logger.cpp */ = {isa = PBXFileReference; fileEncoding = 4; lastKnownFileType = sourcecode.cpp.cpp; name = logger.cpp; path = ../../src/logger.cpp; sourceTree = "<group>"; };
		C79363461FA36FC000AB21DE /* network.h */ = {isa = PBXFileReference; fileEncoding = 4; lastKnownFileType = sourcecode.c.h; name = network.h; path = ../../src/network.h; sourceTree = "<group>"; };
		C79363471FA36FC000AB21DE /* socket.cpp */ = {isa = PBXFileReference; fileEncoding = 4; lastKnownFileType = sourcecode.cpp.cpp; name = socket.cpp; path = ../../src/socket.cpp; sourceTree = "<group>"; };
		C79363481FA36FC100AB21DE /* string.cpp */ = {isa = PBXFileReference; fileEncoding = 4; lastKnownFileType = sourcecode.cpp.cpp; name = string.cpp; path = ../../src/string.cpp; sourceTree = "<group>"; };
		C79363491FA36FC100AB21DE /* color.h */ = {isa = PBXFileReference; fileEncoding = 4; lastKnownFileType = sourcecode.c.h; name = color.h; path = ../../src/color.h; sourceTree = "<group>"; };
		C793634A1FA36FC100AB21DE /* table.h */ = {isa = PBXFileReference; fileEncoding = 4; lastKnownFileType = sourcecode.c.h; name = table.h; path = ../../src/table.h; sourceTree = "<group>"; };
		C793634B1FA36FC100AB21DE /* network.cpp */ = {isa = PBXFileReference; fileEncoding = 4; lastKnownFileType = sourcecode.cpp.cpp; name = network.cpp; path = ../../src/network.cpp; sourceTree = "<group>"; };
		C793634C1FA36FC100AB21DE /* file.cpp */ = {isa = PBXFileReference; fileEncoding = 4; lastKnownFileType = sourcecode.cpp.cpp; name = file.cpp; path = ../../src/file.cpp; sourceTree = "<group>"; };
		C793634D1FA36FC100AB21DE /* math.cpp */ = {isa = PBXFileReference; fileEncoding = 4; lastKnownFileType = sourcecode.cpp.cpp; name = math.cpp; path = ../../src/math.cpp; sourceTree = "<group>"; };
		C793634E1FA36FC100AB21DE /* access.h */ = {isa = PBXFileReference; fileEncoding = 4; lastKnownFileType = sourcecode.c.h; name = access.h; path = ../../src/access.h; sourceTree = "<group>"; };
		C793634F1FA36FC100AB21DE /* memory.h */ = {isa = PBXFileReference; fileEncoding = 4; lastKnownFileType = sourcecode.c.h; name = memory.h; path = ../../src/memory.h; sourceTree = "<group>"; };
		C79363501FA36FC100AB21DE /* logger.h */ = {isa = PBXFileReference; fileEncoding = 4; lastKnownFileType = sourcecode.c.h; name = logger.h; path = ../../src/logger.h; sourceTree = "<group>"; };
		C79363511FA36FC100AB21DE /* stream.h */ = {isa = PBXFileReference; fileEncoding = 4; lastKnownFileType = sourcecode.c.h; name = stream.h; path = ../../src/stream.h; sourceTree = "<group>"; };
		C79363521FA36FC100AB21DE /* string.h */ = {isa = PBXFileReference; fileEncoding = 4; lastKnownFileType = sourcecode.c.h; name = string.h; path = ../../src/string.h; sourceTree = "<group>"; };
		C79363531FA36FC200AB21DE /* time.cpp */ = {isa = PBXFileReference; fileEncoding = 4; lastKnownFileType = sourcecode.cpp.cpp; name = time.cpp; path = ../../src/time.cpp; sourceTree = "<group>"; };
		C79363541FA36FC200AB21DE /* archaism.h */ = {isa = PBXFileReference; fileEncoding = 4; lastKnownFileType = sourcecode.c.h; name = archaism.h; path = ../../src/archaism.h; sourceTree = "<group>"; };
		C79363551FA36FC200AB21DE /* dataset.h */ = {isa = PBXFileReference; fileEncoding = 4; lastKnownFileType = sourcecode.c.h; name = dataset.h; path = ../../src/dataset.h; sourceTree = "<group>"; };
		C79363561FA36FC200AB21DE /* dll.h */ = {isa = PBXFileReference; fileEncoding = 4; lastKnownFileType = sourcecode.c.h; name = dll.h; path = ../../src/dll.h; sourceTree = "<group>"; };
		C79363571FA36FC200AB21DE /* header.h */ = {isa = PBXFileReference; fileEncoding = 4; lastKnownFileType = sourcecode.c.h; name = header.h; path = ../../src/header.h; sourceTree = "<group>"; };
		C79363581FA36FC200AB21DE /* random.h */ = {isa = PBXFileReference; fileEncoding = 4; lastKnownFileType = sourcecode.c.h; name = random.h; path = ../../src/random.h; sourceTree = "<group>"; };
		C79363591FA36FC200AB21DE /* memory.cpp */ = {isa = PBXFileReference; fileEncoding = 4; lastKnownFileType = sourcecode.cpp.cpp; name = memory.cpp; path = ../../src/memory.cpp; sourceTree = "<group>"; };
		C793635A1FA36FC300AB21DE /* pixels.h */ = {isa = PBXFileReference; fileEncoding = 4; lastKnownFileType = sourcecode.c.h; name = pixels.h; path = ../../src/pixels.h; sourceTree = "<group>"; };
		C793635B1FA36FC300AB21DE /* dataset.cpp */ = {isa = PBXFileReference; fileEncoding = 4; lastKnownFileType = sourcecode.cpp.cpp; name = dataset.cpp; path = ../../src/dataset.cpp; sourceTree = "<group>"; };
		C793635C1FA36FC300AB21DE /* stream.cpp */ = {isa = PBXFileReference; fileEncoding = 4; lastKnownFileType = sourcecode.cpp.cpp; name = stream.cpp; path = ../../src/stream.cpp; sourceTree = "<group>"; };
		C793635D1FA36FC300AB21DE /* time.h */ = {isa = PBXFileReference; fileEncoding = 4; lastKnownFileType = sourcecode.c.h; name = time.h; path = ../../src/time.h; sourceTree = "<group>"; };
		C793635E1FA36FC300AB21DE /* dll.cpp */ = {isa = PBXFileReference; fileEncoding = 4; lastKnownFileType = sourcecode.cpp.cpp; name = dll.cpp; path = ../../src/dll.cpp; sourceTree = "<group>"; };
		C793635F1FA36FC400AB21DE /* pixels.cpp */ = {isa = PBXFileReference; fileEncoding = 4; lastKnownFileType = sourcecode.cpp.cpp; name = pixels.cpp; path = ../../src/pixels.cpp; sourceTree = "<group>"; };
		C79363601FA36FC400AB21DE /* args.h */ = {isa = PBXFileReference; fileEncoding = 4; lastKnownFileType = sourcecode.c.h; name = args.h; path = ../../src/args.h; sourceTree = "<group>"; };
		C79363611FA36FC400AB21DE /* args.cpp */ = {isa = PBXFileReference; fileEncoding = 4; lastKnownFileType = sourcecode.cpp.cpp; name = args.cpp; path = ../../src/args.cpp; sourceTree = "<group>"; };
		C79363621FA36FC400AB21DE /* ascil.h */ = {isa = PBXFileReference; fileEncoding = 4; lastKnownFileType = sourcecode.c.h; name = ascil.h; path = ../../src/ascil.h; sourceTree = "<group>"; };
		C79363631FA36FC400AB21DE /* file.h */ = {isa = PBXFileReference; fileEncoding = 4; lastKnownFileType = sourcecode.c.h; name = file.h; path = ../../src/file.h; sourceTree = "<group>"; };
		C79363641FA36FC500AB21DE /* timer.cpp */ = {isa = PBXFileReference; fileEncoding = 4; lastKnownFileType = sourcecode.cpp.cpp; name = timer.cpp; path = ../../src/timer.cpp; sourceTree = "<group>"; };
		C79363651FA36FC500AB21DE /* socket.h */ = {isa = PBXFileReference; fileEncoding = 4; lastKnownFileType = sourcecode.c.h; name = socket.h; path = ../../src/socket.h; sourceTree = "<group>"; };
		C79363661FA36FC500AB21DE /* math.h */ = {isa = PBXFileReference; fileEncoding = 4; lastKnownFileType = sourcecode.c.h; name = math.h; path = ../../src/math.h; sourceTree = "<group>"; };
		C793638F1FA3704600AB21DE /* libc++.1.tbd */ = {isa = PBXFileReference; lastKnownFileType = "sourcecode.text-based-dylib-definition"; name = "libc++.1.tbd"; path = "usr/lib/libc++.1.tbd"; sourceTree = SDKROOT; };
		C79363911FA3706000AB21DE /* libc++.tbd */ = {isa = PBXFileReference; lastKnownFileType = "sourcecode.text-based-dylib-definition"; name = "libc++.tbd"; path = "usr/lib/libc++.tbd"; sourceTree = SDKROOT; };
		C79363931FA3706E00AB21DE /* libc++abi.tbd */ = {isa = PBXFileReference; lastKnownFileType = "sourcecode.text-based-dylib-definition"; name = "libc++abi.tbd"; path = "usr/lib/libc++abi.tbd"; sourceTree = SDKROOT; };
/* End PBXFileReference section */

/* Begin PBXFrameworksBuildPhase section */
		C79363951FA3708D00AB21DE /* Frameworks */ = {
			isa = PBXFrameworksBuildPhase;
			buildActionMask = 2147483647;
			files = (
			);
			runOnlyForDeploymentPostprocessing = 0;
		};
/* End PBXFrameworksBuildPhase section */

/* Begin PBXGroup section */
		C79363281FA36E5200AB21DE = {
			isa = PBXGroup;
			children = (
				C793634E1FA36FC100AB21DE /* access.h */,
				C79363541FA36FC200AB21DE /* archaism.h */,
				C79363611FA36FC400AB21DE /* args.cpp */,
				C79363601FA36FC400AB21DE /* args.h */,
				C79363621FA36FC400AB21DE /* ascil.h */,
				C79363411FA36FC000AB21DE /* color.cpp */,
				C79363491FA36FC100AB21DE /* color.h */,
				C793635B1FA36FC300AB21DE /* dataset.cpp */,
				C79363551FA36FC200AB21DE /* dataset.h */,
				C793635E1FA36FC300AB21DE /* dll.cpp */,
				C79363561FA36FC200AB21DE /* dll.h */,
				C793634C1FA36FC100AB21DE /* file.cpp */,
				C79363631FA36FC400AB21DE /* file.h */,
				C79363571FA36FC200AB21DE /* header.h */,
				C79363451FA36FC000AB21DE /* logger.cpp */,
				C79363501FA36FC100AB21DE /* logger.h */,
				C793634D1FA36FC100AB21DE /* math.cpp */,
				C79363661FA36FC500AB21DE /* math.h */,
				C79363591FA36FC200AB21DE /* memory.cpp */,
				C793634F1FA36FC100AB21DE /* memory.h */,
				C793634B1FA36FC100AB21DE /* network.cpp */,
				C79363461FA36FC000AB21DE /* network.h */,
				C793635F1FA36FC400AB21DE /* pixels.cpp */,
				C793635A1FA36FC300AB21DE /* pixels.h */,
				C79363401FA36FC000AB21DE /* pool.h */,
				C79363421FA36FC000AB21DE /* random.cpp */,
				C79363581FA36FC200AB21DE /* random.h */,
				C79363431FA36FC000AB21DE /* signal.h */,
				C79363471FA36FC000AB21DE /* socket.cpp */,
				C79363651FA36FC500AB21DE /* socket.h */,
				C793635C1FA36FC300AB21DE /* stream.cpp */,
				C79363511FA36FC100AB21DE /* stream.h */,
				C79363481FA36FC100AB21DE /* string.cpp */,
				C79363521FA36FC100AB21DE /* string.h */,
				C793634A1FA36FC100AB21DE /* table.h */,
				C79363531FA36FC200AB21DE /* time.cpp */,
				C793635D1FA36FC300AB21DE /* time.h */,
				C79363641FA36FC500AB21DE /* timer.cpp */,
				C79363441FA36FC000AB21DE /* timer.h */,
				C79363321FA36E5200AB21DE /* Products */,
				C793638E1FA3704600AB21DE /* Frameworks */,
			);
			sourceTree = "<group>";
		};
		C79363321FA36E5200AB21DE /* Products */ = {
			isa = PBXGroup;
			children = (
				C79363311FA36E5200AB21DE /* liblibarchaism.a */,
			);
			name = Products;
			sourceTree = "<group>";
		};
		C793638E1FA3704600AB21DE /* Frameworks */ = {
			isa = PBXGroup;
			children = (
				C79363931FA3706E00AB21DE /* libc++abi.tbd */,
				C79363911FA3706000AB21DE /* libc++.tbd */,
				C793638F1FA3704600AB21DE /* libc++.1.tbd */,
			);
			name = Frameworks;
			sourceTree = "<group>";
		};
/* End PBXGroup section */

/* Begin PBXHeadersBuildPhase section */
		C793632F1FA36E5200AB21DE /* Headers */ = {
			isa = PBXHeadersBuildPhase;
			buildActionMask = 2147483647;
			files = (
				C793636B1FA36FC500AB21DE /* timer.h in Headers */,
				C793638C1FA36FC500AB21DE /* socket.h in Headers */,
				C793637D1FA36FC500AB21DE /* dll.h in Headers */,
				C793636D1FA36FC500AB21DE /* network.h in Headers */,
				C79363771FA36FC500AB21DE /* logger.h in Headers */,
				C793636A1FA36FC500AB21DE /* signal.h in Headers */,
				C79363891FA36FC500AB21DE /* ascil.h in Headers */,
				C793637B1FA36FC500AB21DE /* archaism.h in Headers */,
				C79363781FA36FC500AB21DE /* stream.h in Headers */,
				C793637C1FA36FC500AB21DE /* dataset.h in Headers */,
				C793637E1FA36FC500AB21DE /* header.h in Headers */,
				C79363841FA36FC500AB21DE /* time.h in Headers */,
				C79363871FA36FC500AB21DE /* args.h in Headers */,
				C793638D1FA36FC500AB21DE /* math.h in Headers */,
				C793638A1FA36FC500AB21DE /* file.h in Headers */,
				C79363711FA36FC500AB21DE /* table.h in Headers */,
				C79363811FA36FC500AB21DE /* pixels.h in Headers */,
				C79363671FA36FC500AB21DE /* pool.h in Headers */,
				C79363751FA36FC500AB21DE /* access.h in Headers */,
				C79363791FA36FC500AB21DE /* string.h in Headers */,
				C79363701FA36FC500AB21DE /* color.h in Headers */,
				C79363761FA36FC500AB21DE /* memory.h in Headers */,
				C793637F1FA36FC500AB21DE /* random.h in Headers */,
			);
			runOnlyForDeploymentPostprocessing = 0;
		};
/* End PBXHeadersBuildPhase section */

/* Begin PBXNativeTarget section */
		C79363301FA36E5200AB21DE /* libarchaism */ = {
			isa = PBXNativeTarget;
			buildConfigurationList = C793633C1FA36E5200AB21DE /* Build configuration list for PBXNativeTarget "libarchaism" */;
			buildPhases = (
				C793632D1FA36E5200AB21DE /* Sources */,
				C793632F1FA36E5200AB21DE /* Headers */,
				C79363951FA3708D00AB21DE /* Frameworks */,
			);
			buildRules = (
			);
			dependencies = (
			);
			name = libarchaism;
			productName = libarchaism;
			productReference = C79363311FA36E5200AB21DE /* liblibarchaism.a */;
			productType = "com.apple.product-type.library.static";
		};
/* End PBXNativeTarget section */

/* Begin PBXProject section */
		C79363291FA36E5200AB21DE /* Project object */ = {
			isa = PBXProject;
			attributes = {
				LastUpgradeCheck = 0900;
				ORGANIZATIONNAME = ChengQilin;
				TargetAttributes = {
					C79363301FA36E5200AB21DE = {
						CreatedOnToolsVersion = 9.0;
						ProvisioningStyle = Automatic;
					};
				};
			};
			buildConfigurationList = C793632C1FA36E5200AB21DE /* Build configuration list for PBXProject "libarchaism" */;
			compatibilityVersion = "Xcode 8.0";
			developmentRegion = en;
			hasScannedForEncodings = 0;
			knownRegions = (
				en,
			);
			mainGroup = C79363281FA36E5200AB21DE;
			productRefGroup = C79363321FA36E5200AB21DE /* Products */;
			projectDirPath = "";
			projectRoot = "";
			targets = (
				C79363301FA36E5200AB21DE /* libarchaism */,
			);
		};
/* End PBXProject section */

/* Begin PBXSourcesBuildPhase section */
		C793632D1FA36E5200AB21DE /* Sources */ = {
			isa = PBXSourcesBuildPhase;
			buildActionMask = 2147483647;
			files = (
				C79363801FA36FC500AB21DE /* memory.cpp in Sources */,
				C793636E1FA36FC500AB21DE /* socket.cpp in Sources */,
				C79363851FA36FC500AB21DE /* dll.cpp in Sources */,
				C793636C1FA36FC500AB21DE /* logger.cpp in Sources */,
				C79363861FA36FC500AB21DE /* pixels.cpp in Sources */,
				C793637A1FA36FC500AB21DE /* time.cpp in Sources */,
				C79363731FA36FC500AB21DE /* file.cpp in Sources */,
				C79363741FA36FC500AB21DE /* math.cpp in Sources */,
				C79363881FA36FC500AB21DE /* args.cpp in Sources */,
				C79363721FA36FC500AB21DE /* network.cpp in Sources */,
				C79363691FA36FC500AB21DE /* random.cpp in Sources */,
				C793638B1FA36FC500AB21DE /* timer.cpp in Sources */,
				C79363821FA36FC500AB21DE /* dataset.cpp in Sources */,
				C793636F1FA36FC500AB21DE /* string.cpp in Sources */,
				C79363681FA36FC500AB21DE /* color.cpp in Sources */,
				C79363831FA36FC500AB21DE /* stream.cpp in Sources */,
			);
			runOnlyForDeploymentPostprocessing = 0;
		};
/* End PBXSourcesBuildPhase section */

/* Begin XCBuildConfiguration section */
		C793633A1FA36E5200AB21DE /* Debug */ = {
			isa = XCBuildConfiguration;
			buildSettings = {
				ALWAYS_SEARCH_USER_PATHS = NO;
				CLANG_ANALYZER_NONNULL = YES;
				CLANG_ANALYZER_NUMBER_OBJECT_CONVERSION = YES_AGGRESSIVE;
				CLANG_CXX_LANGUAGE_STANDARD = "gnu++14";
				CLANG_CXX_LIBRARY = "libc++";
				CLANG_ENABLE_MODULES = YES;
				CLANG_ENABLE_OBJC_ARC = YES;
				CLANG_WARN_BLOCK_CAPTURE_AUTORELEASING = YES;
				CLANG_WARN_BOOL_CONVERSION = YES;
				CLANG_WARN_COMMA = YES;
				CLANG_WARN_CONSTANT_CONVERSION = YES;
				CLANG_WARN_DIRECT_OBJC_ISA_USAGE = YES_ERROR;
				CLANG_WARN_DOCUMENTATION_COMMENTS = YES;
				CLANG_WARN_EMPTY_BODY = YES;
				CLANG_WARN_ENUM_CONVERSION = YES;
				CLANG_WARN_INFINITE_RECURSION = YES;
				CLANG_WARN_INT_CONVERSION = YES;
				CLANG_WARN_NON_LITERAL_NULL_CONVERSION = YES;
				CLANG_WARN_OBJC_LITERAL_CONVERSION = YES;
				CLANG_WARN_OBJC_ROOT_CLASS = YES_ERROR;
				CLANG_WARN_RANGE_LOOP_ANALYSIS = YES;
				CLANG_WARN_STRICT_PROTOTYPES = YES;
				CLANG_WARN_SUSPICIOUS_MOVE = YES;
				CLANG_WARN_UNGUARDED_AVAILABILITY = YES_AGGRESSIVE;
				CLANG_WARN_UNREACHABLE_CODE = YES;
				CLANG_WARN__DUPLICATE_METHOD_MATCH = YES;
				CODE_SIGN_IDENTITY = "Mac Developer";
				COPY_PHASE_STRIP = NO;
				DEBUG_INFORMATION_FORMAT = dwarf;
				ENABLE_STRICT_OBJC_MSGSEND = YES;
				ENABLE_TESTABILITY = YES;
				GCC_C_LANGUAGE_STANDARD = gnu11;
				GCC_DYNAMIC_NO_PIC = NO;
				GCC_NO_COMMON_BLOCKS = YES;
				GCC_OPTIMIZATION_LEVEL = 0;
				GCC_PREPROCESSOR_DEFINITIONS = (
					"DEBUG=1",
					"$(inherited)",
				);
				GCC_WARN_64_TO_32_BIT_CONVERSION = YES;
				GCC_WARN_ABOUT_RETURN_TYPE = YES_ERROR;
				GCC_WARN_UNDECLARED_SELECTOR = YES;
				GCC_WARN_UNINITIALIZED_AUTOS = YES_AGGRESSIVE;
				GCC_WARN_UNUSED_FUNCTION = YES;
				GCC_WARN_UNUSED_VARIABLE = YES;
				MACOSX_DEPLOYMENT_TARGET = 10.12;
				MTL_ENABLE_DEBUG_INFO = YES;
				ONLY_ACTIVE_ARCH = YES;
				SDKROOT = macosx;
			};
			name = Debug;
		};
		C793633B1FA36E5200AB21DE /* Release */ = {
			isa = XCBuildConfiguration;
			buildSettings = {
				ALWAYS_SEARCH_USER_PATHS = NO;
				CLANG_ANALYZER_NONNULL = YES;
				CLANG_ANALYZER_NUMBER_OBJECT_CONVERSION = YES_AGGRESSIVE;
				CLANG_CXX_LANGUAGE_STANDARD = "gnu++14";
				CLANG_CXX_LIBRARY = "libc++";
				CLANG_ENABLE_MODULES = YES;
				CLANG_ENABLE_OBJC_ARC = YES;
				CLANG_WARN_BLOCK_CAPTURE_AUTORELEASING = YES;
				CLANG_WARN_BOOL_CONVERSION = YES;
				CLANG_WARN_COMMA = YES;
				CLANG_WARN_CONSTANT_CONVERSION = YES;
				CLANG_WARN_DIRECT_OBJC_ISA_USAGE = YES_ERROR;
				CLANG_WARN_DOCUMENTATION_COMMENTS = YES;
				CLANG_WARN_EMPTY_BODY = YES;
				CLANG_WARN_ENUM_CONVERSION = YES;
				CLANG_WARN_INFINITE_RECURSION = YES;
				CLANG_WARN_INT_CONVERSION = YES;
				CLANG_WARN_NON_LITERAL_NULL_CONVERSION = YES;
				CLANG_WARN_OBJC_LITERAL_CONVERSION = YES;
				CLANG_WARN_OBJC_ROOT_CLASS = YES_ERROR;
				CLANG_WARN_RANGE_LOOP_ANALYSIS = YES;
				CLANG_WARN_STRICT_PROTOTYPES = YES;
				CLANG_WARN_SUSPICIOUS_MOVE = YES;
				CLANG_WARN_UNGUARDED_AVAILABILITY = YES_AGGRESSIVE;
				CLANG_WARN_UNREACHABLE_CODE = YES;
				CLANG_WARN__DUPLICATE_METHOD_MATCH = YES;
				CODE_SIGN_IDENTITY = "Mac Developer";
				COPY_PHASE_STRIP = NO;
				DEBUG_INFORMATION_FORMAT = "dwarf-with-dsym";
				ENABLE_NS_ASSERTIONS = NO;
				ENABLE_STRICT_OBJC_MSGSEND = YES;
				GCC_C_LANGUAGE_STANDARD = gnu11;
				GCC_NO_COMMON_BLOCKS = YES;
				GCC_WARN_64_TO_32_BIT_CONVERSION = YES;
				GCC_WARN_ABOUT_RETURN_TYPE = YES_ERROR;
				GCC_WARN_UNDECLARED_SELECTOR = YES;
				GCC_WARN_UNINITIALIZED_AUTOS = YES_AGGRESSIVE;
				GCC_WARN_UNUSED_FUNCTION = YES;
				GCC_WARN_UNUSED_VARIABLE = YES;
				MACOSX_DEPLOYMENT_TARGET = 10.12;
				MTL_ENABLE_DEBUG_INFO = NO;
				SDKROOT = macosx;
			};
			name = Release;
		};
		C793633D1FA36E5200AB21DE /* Debug */ = {
			isa = XCBuildConfiguration;
			buildSettings = {
				CODE_SIGN_STYLE = Automatic;
				DEVELOPMENT_TEAM = WQ55HRMK3R;
				EXECUTABLE_PREFIX = lib;
				GCC_ENABLE_CPP_EXCEPTIONS = YES;
				GCC_ENABLE_CPP_RTTI = YES;
				PRODUCT_NAME = "$(TARGET_NAME)";
			};
			name = Debug;
		};
		C793633E1FA36E5200AB21DE /* Release */ = {
			isa = XCBuildConfiguration;
			buildSettings = {
				CODE_SIGN_STYLE = Automatic;
				DEVELOPMENT_TEAM = WQ55HRMK3R;
				EXECUTABLE_PREFIX = lib;
				GCC_ENABLE_CPP_EXCEPTIONS = YES;
				GCC_ENABLE_CPP_RTTI = YES;
				PRODUCT_NAME = "$(TARGET_NAME)";
			};
			name = Release;
		};
/* End XCBuildConfiguration section */

/* Begin XCConfigurationList section */
		C793632C1FA36E5200AB21DE /* Build configuration list for PBXProject "libarchaism" */ = {
			isa = XCConfigurationList;
			buildConfigurations = (
				C793633A1FA36E5200AB21DE /* Debug */,
				C793633B1FA36E5200AB21DE /* Release */,
			);
			defaultConfigurationIsVisible = 0;
			defaultConfigurationName = Release;
		};
		C793633C1FA36E5200AB21DE /* Build configuration list for PBXNativeTarget "libarchaism" */ = {
			isa = XCConfigurationList;
			buildConfigurations = (
				C793633D1FA36E5200AB21DE /* Debug */,
				C793633E1FA36E5200AB21DE /* Release */,
			);
			defaultConfigurationIsVisible = 0;
			defaultConfigurationName = Release;
		};
/* End XCConfigurationList section */
	};
	rootObject = C79363291FA36E5200AB21DE /* Project object */;
}
